
Microsoft Visual Studio Solution File, Format Version 12.00
# Visual Studio Version 16
VisualStudioVersion = 16.0.29102.190
MinimumVisualStudioVersion = 10.0.40219.1
Project("{FAE04EC0-301F-11D3-BF4B-00C04F79EFBC}") = "Codility", "Codility\Codility.csproj", "{E0867DC8-F1F7-40E5-BADF-F4F53BB7D0E7}"
EndProject
Global
	GlobalSection(SolutionConfigurationPlatforms) = preSolution
		Debug|Any CPU = Debug|Any CPU
		Release|Any CPU = Release|Any CPU
	EndGlobalSection
	GlobalSection(ProjectConfigurationPlatforms) = postSolution
		{E0867DC8-F1F7-40E5-BADF-F4F53BB7D0E7}.Debug|Any CPU.ActiveCfg = Debug|Any CPU
		{E0867DC8-F1F7-40E5-BADF-F4F53BB7D0E7}.Debug|Any CPU.Build.0 = Debug|Any CPU
		{E0867DC8-F1F7-40E5-BADF-F4F53BB7D0E7}.Release|Any CPU.ActiveCfg = Release|Any CPU
		{E0867DC8-F1F7-40E5-BADF-F4F53BB7D0E7}.Release|Any CPU.Build.0 = Release|Any CPU
	EndGlobalSection
	GlobalSection(SolutionProperties) = preSolution
		HideSolutionNode = FALSE
	EndGlobalSection
	GlobalSection(ExtensibilityGlobals) = postSolution
		SolutionGuid = {33286587-CC6F-44B9-8240-A376AE700BAC}
	EndGlobalSection
EndGlobal
